
Microsoft Visual Studio Solution File, Format Version 12.00
# Visual Studio Version 17
VisualStudioVersion = 17.12.35707.178 d17.12
MinimumVisualStudioVersion = 10.0.40219.1
Project("{FAE04EC0-301F-11D3-BF4B-00C04F79EFBC}") = "eventService", "eventService\eventService.csproj", "{637B4F75-F906-425D-96BD-F8F6D6091FEA}"
EndProject
Global
	GlobalSection(SolutionConfigurationPlatforms) = preSolution
		Debug|Any CPU = Debug|Any CPU
		Release|Any CPU = Release|Any CPU
	EndGlobalSection
	GlobalSection(ProjectConfigurationPlatforms) = postSolution
		{637B4F75-F906-425D-96BD-F8F6D6091FEA}.Debug|Any CPU.ActiveCfg = Debug|Any CPU
		{637B4F75-F906-425D-96BD-F8F6D6091FEA}.Debug|Any CPU.Build.0 = Debug|Any CPU
		{637B4F75-F906-425D-96BD-F8F6D6091FEA}.Release|Any CPU.ActiveCfg = Release|Any CPU
		{637B4F75-F906-425D-96BD-F8F6D6091FEA}.Release|Any CPU.Build.0 = Release|Any CPU
	EndGlobalSection
	GlobalSection(SolutionProperties) = preSolution
		HideSolutionNode = FALSE
	EndGlobalSection
EndGlobal
